// !$*UTF8*$!
{
	archiveVersion = 1;
	classes = {
	};
	objectVersion = 55;
	objects = {

/* Begin PBXBuildFile section */
		122DF7D0283933BA00CF421D /* AppDelegate.swift in Sources */ = {isa = PBXBuildFile; fileRef = 122DF7CF283933BA00CF421D /* AppDelegate.swift */; };
		122DF7D7283933BA00CF421D /* Main.storyboard in Resources */ = {isa = PBXBuildFile; fileRef = 122DF7D5283933BA00CF421D /* Main.storyboard */; };
		122DF7D9283933BC00CF421D /* Assets.xcassets in Resources */ = {isa = PBXBuildFile; fileRef = 122DF7D8283933BC00CF421D /* Assets.xcassets */; };
		122DF7DC283933BC00CF421D /* LaunchScreen.storyboard in Resources */ = {isa = PBXBuildFile; fileRef = 122DF7DA283933BC00CF421D /* LaunchScreen.storyboard */; };
		122DF7E7283933BC00CF421D /* TopMoviesTests.swift in Sources */ = {isa = PBXBuildFile; fileRef = 122DF7E6283933BC00CF421D /* TopMoviesTests.swift */; };
		122DF7F1283933BC00CF421D /* TopMoviesUITests.swift in Sources */ = {isa = PBXBuildFile; fileRef = 122DF7F0283933BC00CF421D /* TopMoviesUITests.swift */; };
		122DF7F3283933BC00CF421D /* TopMoviesUITestsLaunchTests.swift in Sources */ = {isa = PBXBuildFile; fileRef = 122DF7F2283933BC00CF421D /* TopMoviesUITestsLaunchTests.swift */; };
		122DF80E2839560900CF421D /* Constants.swift in Sources */ = {isa = PBXBuildFile; fileRef = 122DF80D2839560900CF421D /* Constants.swift */; };
		122DF8192839604500CF421D /* Movie.swift in Sources */ = {isa = PBXBuildFile; fileRef = 122DF8182839604500CF421D /* Movie.swift */; };
		122DF81B283A10DA00CF421D /* ApiResponse.swift in Sources */ = {isa = PBXBuildFile; fileRef = 122DF81A283A10DA00CF421D /* ApiResponse.swift */; };
		122DF81D283A163500CF421D /* ApiDataStore.swift in Sources */ = {isa = PBXBuildFile; fileRef = 122DF81C283A163500CF421D /* ApiDataStore.swift */; };
		122DF81F283A16CF00CF421D /* ApiDataStore+Movies.swift in Sources */ = {isa = PBXBuildFile; fileRef = 122DF81E283A16CF00CF421D /* ApiDataStore+Movies.swift */; };
		122DF821283A170600CF421D /* DataQuery.swift in Sources */ = {isa = PBXBuildFile; fileRef = 122DF820283A170600CF421D /* DataQuery.swift */; };
		122DF823283A319600CF421D /* MovieListRouter.swift in Sources */ = {isa = PBXBuildFile; fileRef = 122DF822283A319600CF421D /* MovieListRouter.swift */; };
		122DF825283A32FB00CF421D /* MovieListViewController.swift in Sources */ = {isa = PBXBuildFile; fileRef = 122DF824283A32FB00CF421D /* MovieListViewController.swift */; };
		122DF827283A335200CF421D /* MovieListPresenter.swift in Sources */ = {isa = PBXBuildFile; fileRef = 122DF826283A335200CF421D /* MovieListPresenter.swift */; };
		122DF829283A33D100CF421D /* MovieListInteractor.swift in Sources */ = {isa = PBXBuildFile; fileRef = 122DF828283A33D100CF421D /* MovieListInteractor.swift */; };
		122DF82F283A35D900CF421D /* BaseViewController.swift in Sources */ = {isa = PBXBuildFile; fileRef = 122DF82E283A35D900CF421D /* BaseViewController.swift */; };
		122DF831283A35EF00CF421D /* BasePresenter.swift in Sources */ = {isa = PBXBuildFile; fileRef = 122DF830283A35EF00CF421D /* BasePresenter.swift */; };
		122DF833283A35FB00CF421D /* BaseInteractor.swift in Sources */ = {isa = PBXBuildFile; fileRef = 122DF832283A35FB00CF421D /* BaseInteractor.swift */; };
		122DF836283A36AA00CF421D /* BaseRouter.swift in Sources */ = {isa = PBXBuildFile; fileRef = 122DF835283A36AA00CF421D /* BaseRouter.swift */; };
		122DF838283A4D6F00CF421D /* MovieListResults.swift in Sources */ = {isa = PBXBuildFile; fileRef = 122DF837283A4D6F00CF421D /* MovieListResults.swift */; };
		12550649283C26A700B2057D /* Extensions.swift in Sources */ = {isa = PBXBuildFile; fileRef = 12550648283C26A700B2057D /* Extensions.swift */; };
		1255064B283C3CD400B2057D /* Tools.swift in Sources */ = {isa = PBXBuildFile; fileRef = 1255064A283C3CD400B2057D /* Tools.swift */; };
		12817D0B283D558B00CE2210 /* MovieListCollectionCell.swift in Sources */ = {isa = PBXBuildFile; fileRef = 12817D0A283D558B00CE2210 /* MovieListCollectionCell.swift */; };
		12A7397D283ABB3D007FB8B8 /* searchAnimatedImage.json in Resources */ = {isa = PBXBuildFile; fileRef = 12A7397C283ABB3D007FB8B8 /* searchAnimatedImage.json */; };
		12A7397F283ABF38007FB8B8 /* searchButton.json in Resources */ = {isa = PBXBuildFile; fileRef = 12A7397E283ABF38007FB8B8 /* searchButton.json */; };
		49C28FCECCE5B99534F02047 /* Pods_TopMovies.framework in Frameworks */ = {isa = PBXBuildFile; fileRef = E65F7CCC23CDC6B426FF19DE /* Pods_TopMovies.framework */; };
		BA0DB025A2976A6E8D94CDC2 /* Pods_TopMoviesTests.framework in Frameworks */ = {isa = PBXBuildFile; fileRef = 27F480BC48DF6DA375CF0A4F /* Pods_TopMoviesTests.framework */; };
		E7082B40537FEF66ED2BDC20 /* Pods_TopMovies_TopMoviesUITests.framework in Frameworks */ = {isa = PBXBuildFile; fileRef = 6B92E293C2636A55EC7343F0 /* Pods_TopMovies_TopMoviesUITests.framework */; };
/* End PBXBuildFile section */

/* Begin PBXContainerItemProxy section */
		122DF7E3283933BC00CF421D /* PBXContainerItemProxy */ = {
			isa = PBXContainerItemProxy;
			containerPortal = 122DF7C4283933BA00CF421D /* Project object */;
			proxyType = 1;
			remoteGlobalIDString = 122DF7CB283933BA00CF421D;
			remoteInfo = TopMovies;
		};
		122DF7ED283933BC00CF421D /* PBXContainerItemProxy */ = {
			isa = PBXContainerItemProxy;
			containerPortal = 122DF7C4283933BA00CF421D /* Project object */;
			proxyType = 1;
			remoteGlobalIDString = 122DF7CB283933BA00CF421D;
			remoteInfo = TopMovies;
		};
/* End PBXContainerItemProxy section */

/* Begin PBXFileReference section */
		122DF7CC283933BA00CF421D /* TopMovies.app */ = {isa = PBXFileReference; explicitFileType = wrapper.application; includeInIndex = 0; path = TopMovies.app; sourceTree = BUILT_PRODUCTS_DIR; };
		122DF7CF283933BA00CF421D /* AppDelegate.swift */ = {isa = PBXFileReference; lastKnownFileType = sourcecode.swift; path = AppDelegate.swift; sourceTree = "<group>"; };
		122DF7D6283933BA00CF421D /* Base */ = {isa = PBXFileReference; lastKnownFileType = file.storyboard; name = Base; path = Base.lproj/Main.storyboard; sourceTree = "<group>"; };
		122DF7D8283933BC00CF421D /* Assets.xcassets */ = {isa = PBXFileReference; lastKnownFileType = folder.assetcatalog; path = Assets.xcassets; sourceTree = "<group>"; };
		122DF7DB283933BC00CF421D /* Base */ = {isa = PBXFileReference; lastKnownFileType = file.storyboard; name = Base; path = Base.lproj/LaunchScreen.storyboard; sourceTree = "<group>"; };
		122DF7DD283933BC00CF421D /* Info.plist */ = {isa = PBXFileReference; lastKnownFileType = text.plist.xml; path = Info.plist; sourceTree = "<group>"; };
		122DF7E2283933BC00CF421D /* TopMoviesTests.xctest */ = {isa = PBXFileReference; explicitFileType = wrapper.cfbundle; includeInIndex = 0; path = TopMoviesTests.xctest; sourceTree = BUILT_PRODUCTS_DIR; };
		122DF7E6283933BC00CF421D /* TopMoviesTests.swift */ = {isa = PBXFileReference; lastKnownFileType = sourcecode.swift; path = TopMoviesTests.swift; sourceTree = "<group>"; };
		122DF7EC283933BC00CF421D /* TopMoviesUITests.xctest */ = {isa = PBXFileReference; explicitFileType = wrapper.cfbundle; includeInIndex = 0; path = TopMoviesUITests.xctest; sourceTree = BUILT_PRODUCTS_DIR; };
		122DF7F0283933BC00CF421D /* TopMoviesUITests.swift */ = {isa = PBXFileReference; lastKnownFileType = sourcecode.swift; path = TopMoviesUITests.swift; sourceTree = "<group>"; };
		122DF7F2283933BC00CF421D /* TopMoviesUITestsLaunchTests.swift */ = {isa = PBXFileReference; lastKnownFileType = sourcecode.swift; path = TopMoviesUITestsLaunchTests.swift; sourceTree = "<group>"; };
		122DF80D2839560900CF421D /* Constants.swift */ = {isa = PBXFileReference; lastKnownFileType = sourcecode.swift; path = Constants.swift; sourceTree = "<group>"; };
		122DF8182839604500CF421D /* Movie.swift */ = {isa = PBXFileReference; lastKnownFileType = sourcecode.swift; path = Movie.swift; sourceTree = "<group>"; };
		122DF81A283A10DA00CF421D /* ApiResponse.swift */ = {isa = PBXFileReference; lastKnownFileType = sourcecode.swift; path = ApiResponse.swift; sourceTree = "<group>"; };
		122DF81C283A163500CF421D /* ApiDataStore.swift */ = {isa = PBXFileReference; lastKnownFileType = sourcecode.swift; path = ApiDataStore.swift; sourceTree = "<group>"; };
		122DF81E283A16CF00CF421D /* ApiDataStore+Movies.swift */ = {isa = PBXFileReference; lastKnownFileType = sourcecode.swift; path = "ApiDataStore+Movies.swift"; sourceTree = "<group>"; };
		122DF820283A170600CF421D /* DataQuery.swift */ = {isa = PBXFileReference; lastKnownFileType = sourcecode.swift; path = DataQuery.swift; sourceTree = "<group>"; };
		122DF822283A319600CF421D /* MovieListRouter.swift */ = {isa = PBXFileReference; lastKnownFileType = sourcecode.swift; path = MovieListRouter.swift; sourceTree = "<group>"; };
		122DF824283A32FB00CF421D /* MovieListViewController.swift */ = {isa = PBXFileReference; lastKnownFileType = sourcecode.swift; path = MovieListViewController.swift; sourceTree = "<group>"; };
		122DF826283A335200CF421D /* MovieListPresenter.swift */ = {isa = PBXFileReference; lastKnownFileType = sourcecode.swift; path = MovieListPresenter.swift; sourceTree = "<group>"; };
		122DF828283A33D100CF421D /* MovieListInteractor.swift */ = {isa = PBXFileReference; lastKnownFileType = sourcecode.swift; path = MovieListInteractor.swift; sourceTree = "<group>"; };
		122DF82E283A35D900CF421D /* BaseViewController.swift */ = {isa = PBXFileReference; lastKnownFileType = sourcecode.swift; path = BaseViewController.swift; sourceTree = "<group>"; };
		122DF830283A35EF00CF421D /* BasePresenter.swift */ = {isa = PBXFileReference; lastKnownFileType = sourcecode.swift; path = BasePresenter.swift; sourceTree = "<group>"; };
		122DF832283A35FB00CF421D /* BaseInteractor.swift */ = {isa = PBXFileReference; lastKnownFileType = sourcecode.swift; path = BaseInteractor.swift; sourceTree = "<group>"; };
		122DF835283A36AA00CF421D /* BaseRouter.swift */ = {isa = PBXFileReference; lastKnownFileType = sourcecode.swift; path = BaseRouter.swift; sourceTree = "<group>"; };
		122DF837283A4D6F00CF421D /* MovieListResults.swift */ = {isa = PBXFileReference; lastKnownFileType = sourcecode.swift; path = MovieListResults.swift; sourceTree = "<group>"; };
		12550648283C26A700B2057D /* Extensions.swift */ = {isa = PBXFileReference; lastKnownFileType = sourcecode.swift; path = Extensions.swift; sourceTree = "<group>"; };
		1255064A283C3CD400B2057D /* Tools.swift */ = {isa = PBXFileReference; lastKnownFileType = sourcecode.swift; path = Tools.swift; sourceTree = "<group>"; };
		12817D0A283D558B00CE2210 /* MovieListCollectionCell.swift */ = {isa = PBXFileReference; lastKnownFileType = sourcecode.swift; path = MovieListCollectionCell.swift; sourceTree = "<group>"; };
		12A7397C283ABB3D007FB8B8 /* searchAnimatedImage.json */ = {isa = PBXFileReference; fileEncoding = 4; lastKnownFileType = text.json; path = searchAnimatedImage.json; sourceTree = "<group>"; };
		12A7397E283ABF38007FB8B8 /* searchButton.json */ = {isa = PBXFileReference; fileEncoding = 4; lastKnownFileType = text.json; path = searchButton.json; sourceTree = "<group>"; };
		27F480BC48DF6DA375CF0A4F /* Pods_TopMoviesTests.framework */ = {isa = PBXFileReference; explicitFileType = wrapper.framework; includeInIndex = 0; path = Pods_TopMoviesTests.framework; sourceTree = BUILT_PRODUCTS_DIR; };
		441A48C3CFDBB43E622517F7 /* Pods-TopMoviesTests.release.xcconfig */ = {isa = PBXFileReference; includeInIndex = 1; lastKnownFileType = text.xcconfig; name = "Pods-TopMoviesTests.release.xcconfig"; path = "Target Support Files/Pods-TopMoviesTests/Pods-TopMoviesTests.release.xcconfig"; sourceTree = "<group>"; };
		66808A83D307BDE33E856B73 /* Pods-TopMoviesTests.debug.xcconfig */ = {isa = PBXFileReference; includeInIndex = 1; lastKnownFileType = text.xcconfig; name = "Pods-TopMoviesTests.debug.xcconfig"; path = "Target Support Files/Pods-TopMoviesTests/Pods-TopMoviesTests.debug.xcconfig"; sourceTree = "<group>"; };
		6B92E293C2636A55EC7343F0 /* Pods_TopMovies_TopMoviesUITests.framework */ = {isa = PBXFileReference; explicitFileType = wrapper.framework; includeInIndex = 0; path = Pods_TopMovies_TopMoviesUITests.framework; sourceTree = BUILT_PRODUCTS_DIR; };
		80EA7E5A26C34EC000EDEA33 /* Pods-TopMovies.debug.xcconfig */ = {isa = PBXFileReference; includeInIndex = 1; lastKnownFileType = text.xcconfig; name = "Pods-TopMovies.debug.xcconfig"; path = "Target Support Files/Pods-TopMovies/Pods-TopMovies.debug.xcconfig"; sourceTree = "<group>"; };
		9BCD834EC2E6B75AD023A1A9 /* Pods-TopMovies-TopMoviesUITests.release.xcconfig */ = {isa = PBXFileReference; includeInIndex = 1; lastKnownFileType = text.xcconfig; name = "Pods-TopMovies-TopMoviesUITests.release.xcconfig"; path = "Target Support Files/Pods-TopMovies-TopMoviesUITests/Pods-TopMovies-TopMoviesUITests.release.xcconfig"; sourceTree = "<group>"; };
		A75489E75C1FB7773AD79DC3 /* Pods-TopMovies-TopMoviesUITests.debug.xcconfig */ = {isa = PBXFileReference; includeInIndex = 1; lastKnownFileType = text.xcconfig; name = "Pods-TopMovies-TopMoviesUITests.debug.xcconfig"; path = "Target Support Files/Pods-TopMovies-TopMoviesUITests/Pods-TopMovies-TopMoviesUITests.debug.xcconfig"; sourceTree = "<group>"; };
		E65F7CCC23CDC6B426FF19DE /* Pods_TopMovies.framework */ = {isa = PBXFileReference; explicitFileType = wrapper.framework; includeInIndex = 0; path = Pods_TopMovies.framework; sourceTree = BUILT_PRODUCTS_DIR; };
		EDE79CEF155C82DF2E9060EE /* Pods-TopMovies.release.xcconfig */ = {isa = PBXFileReference; includeInIndex = 1; lastKnownFileType = text.xcconfig; name = "Pods-TopMovies.release.xcconfig"; path = "Target Support Files/Pods-TopMovies/Pods-TopMovies.release.xcconfig"; sourceTree = "<group>"; };
/* End PBXFileReference section */

/* Begin PBXFrameworksBuildPhase section */
		122DF7C9283933BA00CF421D /* Frameworks */ = {
			isa = PBXFrameworksBuildPhase;
			buildActionMask = 2147483647;
			files = (
				49C28FCECCE5B99534F02047 /* Pods_TopMovies.framework in Frameworks */,
			);
			runOnlyForDeploymentPostprocessing = 0;
		};
		122DF7DF283933BC00CF421D /* Frameworks */ = {
			isa = PBXFrameworksBuildPhase;
			buildActionMask = 2147483647;
			files = (
				BA0DB025A2976A6E8D94CDC2 /* Pods_TopMoviesTests.framework in Frameworks */,
			);
			runOnlyForDeploymentPostprocessing = 0;
		};
		122DF7E9283933BC00CF421D /* Frameworks */ = {
			isa = PBXFrameworksBuildPhase;
			buildActionMask = 2147483647;
			files = (
				E7082B40537FEF66ED2BDC20 /* Pods_TopMovies_TopMoviesUITests.framework in Frameworks */,
			);
			runOnlyForDeploymentPostprocessing = 0;
		};
/* End PBXFrameworksBuildPhase section */

/* Begin PBXGroup section */
		122DF7C3283933BA00CF421D = {
			isa = PBXGroup;
			children = (
				122DF7CE283933BA00CF421D /* TopMovies */,
				122DF7E5283933BC00CF421D /* TopMoviesTests */,
				122DF7EF283933BC00CF421D /* TopMoviesUITests */,
				122DF7CD283933BA00CF421D /* Products */,
				1C4E0E369DD591630DA1C1F4 /* Pods */,
				4428DEDA7248C8C99FB5E26B /* Frameworks */,
			);
			sourceTree = "<group>";
		};
		122DF7CD283933BA00CF421D /* Products */ = {
			isa = PBXGroup;
			children = (
				122DF7CC283933BA00CF421D /* TopMovies.app */,
				122DF7E2283933BC00CF421D /* TopMoviesTests.xctest */,
				122DF7EC283933BC00CF421D /* TopMoviesUITests.xctest */,
			);
			name = Products;
			sourceTree = "<group>";
		};
		122DF7CE283933BA00CF421D /* TopMovies */ = {
			isa = PBXGroup;
			children = (
				122DF81028395BD000CF421D /* Settings */,
				122DF80828394A3100CF421D /* Common */,
				12550647283C267600B2057D /* Model */,
				122DF8072839497E00CF421D /* Features */,
				122DF80F28395A6B00CF421D /* UI */,
				12A7397B283ABB2D007FB8B8 /* Assets */,
				122DF7DD283933BC00CF421D /* Info.plist */,
			);
			path = TopMovies;
			sourceTree = "<group>";
		};
		122DF7E5283933BC00CF421D /* TopMoviesTests */ = {
			isa = PBXGroup;
			children = (
				122DF7E6283933BC00CF421D /* TopMoviesTests.swift */,
			);
			path = TopMoviesTests;
			sourceTree = "<group>";
		};
		122DF7EF283933BC00CF421D /* TopMoviesUITests */ = {
			isa = PBXGroup;
			children = (
				122DF7F0283933BC00CF421D /* TopMoviesUITests.swift */,
				122DF7F2283933BC00CF421D /* TopMoviesUITestsLaunchTests.swift */,
			);
			path = TopMoviesUITests;
			sourceTree = "<group>";
		};
		122DF8072839497E00CF421D /* Features */ = {
			isa = PBXGroup;
			children = (
				122DF82A283A35AC00CF421D /* Base */,
				122DF80928394BF500CF421D /* MoviesList */,
			);
			path = Features;
			sourceTree = "<group>";
		};
		122DF80828394A3100CF421D /* Common */ = {
			isa = PBXGroup;
			children = (
				122DF80C2839515600CF421D /* Utils */,
				122DF80B28394C1100CF421D /* Constants */,
				12550646283C262100B2057D /* Extensions */,
			);
			path = Common;
			sourceTree = "<group>";
		};
		122DF80928394BF500CF421D /* MoviesList */ = {
			isa = PBXGroup;
			children = (
				122DF81328395C9E00CF421D /* View */,
				122DF81428395CA200CF421D /* Presenter */,
				122DF81528395CA700CF421D /* Interactor */,
				122DF8172839602D00CF421D /* Entity */,
				122DF81228395BE700CF421D /* Route */,
			);
			path = MoviesList;
			sourceTree = "<group>";
		};
		122DF80B28394C1100CF421D /* Constants */ = {
			isa = PBXGroup;
			children = (
				122DF80D2839560900CF421D /* Constants.swift */,
			);
			path = Constants;
			sourceTree = "<group>";
		};
		122DF80C2839515600CF421D /* Utils */ = {
			isa = PBXGroup;
			children = (
				1255064A283C3CD400B2057D /* Tools.swift */,
			);
			path = Utils;
			sourceTree = "<group>";
		};
		122DF80F28395A6B00CF421D /* UI */ = {
			isa = PBXGroup;
			children = (
				122DF7D5283933BA00CF421D /* Main.storyboard */,
				122DF7DA283933BC00CF421D /* LaunchScreen.storyboard */,
			);
			path = UI;
			sourceTree = "<group>";
		};
		122DF81028395BD000CF421D /* Settings */ = {
			isa = PBXGroup;
			children = (
				122DF7CF283933BA00CF421D /* AppDelegate.swift */,
			);
			path = Settings;
			sourceTree = "<group>";
		};
		122DF81128395BDC00CF421D /* ApiDataStore */ = {
			isa = PBXGroup;
			children = (
				122DF81C283A163500CF421D /* ApiDataStore.swift */,
				122DF81E283A16CF00CF421D /* ApiDataStore+Movies.swift */,
			);
			path = ApiDataStore;
			sourceTree = "<group>";
		};
		122DF81228395BE700CF421D /* Route */ = {
			isa = PBXGroup;
			children = (
				122DF822283A319600CF421D /* MovieListRouter.swift */,
			);
			path = Route;
			sourceTree = "<group>";
		};
		122DF81328395C9E00CF421D /* View */ = {
			isa = PBXGroup;
			children = (
				122DF824283A32FB00CF421D /* MovieListViewController.swift */,
				12817D0A283D558B00CE2210 /* MovieListCollectionCell.swift */,
			);
			path = View;
			sourceTree = "<group>";
		};
		122DF81428395CA200CF421D /* Presenter */ = {
			isa = PBXGroup;
			children = (
				122DF826283A335200CF421D /* MovieListPresenter.swift */,
			);
			path = Presenter;
			sourceTree = "<group>";
		};
		122DF81528395CA700CF421D /* Interactor */ = {
			isa = PBXGroup;
			children = (
				122DF828283A33D100CF421D /* MovieListInteractor.swift */,
			);
			path = Interactor;
			sourceTree = "<group>";
		};
		122DF81628395F7900CF421D /* Entities */ = {
			isa = PBXGroup;
			children = (
				122DF81A283A10DA00CF421D /* ApiResponse.swift */,
				122DF820283A170600CF421D /* DataQuery.swift */,
			);
			path = Entities;
			sourceTree = "<group>";
		};
		122DF8172839602D00CF421D /* Entity */ = {
			isa = PBXGroup;
			children = (
				122DF8182839604500CF421D /* Movie.swift */,
				122DF837283A4D6F00CF421D /* MovieListResults.swift */,
			);
			path = Entity;
			sourceTree = "<group>";
		};
		122DF82A283A35AC00CF421D /* Base */ = {
			isa = PBXGroup;
			children = (
				122DF82B283A35B400CF421D /* View */,
				122DF82C283A35BA00CF421D /* Presenter */,
				122DF82D283A35C000CF421D /* Interactor */,
				122DF834283A369400CF421D /* Router */,
			);
			path = Base;
			sourceTree = "<group>";
		};
		122DF82B283A35B400CF421D /* View */ = {
			isa = PBXGroup;
			children = (
				122DF82E283A35D900CF421D /* BaseViewController.swift */,
			);
			path = View;
			sourceTree = "<group>";
		};
		122DF82C283A35BA00CF421D /* Presenter */ = {
			isa = PBXGroup;
			children = (
				122DF830283A35EF00CF421D /* BasePresenter.swift */,
			);
			path = Presenter;
			sourceTree = "<group>";
		};
		122DF82D283A35C000CF421D /* Interactor */ = {
			isa = PBXGroup;
			children = (
				122DF832283A35FB00CF421D /* BaseInteractor.swift */,
			);
			path = Interactor;
			sourceTree = "<group>";
		};
		122DF834283A369400CF421D /* Router */ = {
			isa = PBXGroup;
			children = (
				122DF835283A36AA00CF421D /* BaseRouter.swift */,
			);
			path = Router;
			sourceTree = "<group>";
		};
		12550646283C262100B2057D /* Extensions */ = {
			isa = PBXGroup;
			children = (
				12550648283C26A700B2057D /* Extensions.swift */,
			);
			path = Extensions;
			sourceTree = "<group>";
		};
		12550647283C267600B2057D /* Model */ = {
			isa = PBXGroup;
			children = (
				122DF81628395F7900CF421D /* Entities */,
				122DF81128395BDC00CF421D /* ApiDataStore */,
			);
			path = Model;
			sourceTree = "<group>";
		};
		12A7397B283ABB2D007FB8B8 /* Assets */ = {
			isa = PBXGroup;
			children = (
				122DF7D8283933BC00CF421D /* Assets.xcassets */,
				12A7397E283ABF38007FB8B8 /* searchButton.json */,
				12A7397C283ABB3D007FB8B8 /* searchAnimatedImage.json */,
			);
			path = Assets;
			sourceTree = "<group>";
		};
		1C4E0E369DD591630DA1C1F4 /* Pods */ = {
			isa = PBXGroup;
			children = (
				80EA7E5A26C34EC000EDEA33 /* Pods-TopMovies.debug.xcconfig */,
				EDE79CEF155C82DF2E9060EE /* Pods-TopMovies.release.xcconfig */,
				A75489E75C1FB7773AD79DC3 /* Pods-TopMovies-TopMoviesUITests.debug.xcconfig */,
				9BCD834EC2E6B75AD023A1A9 /* Pods-TopMovies-TopMoviesUITests.release.xcconfig */,
				66808A83D307BDE33E856B73 /* Pods-TopMoviesTests.debug.xcconfig */,
				441A48C3CFDBB43E622517F7 /* Pods-TopMoviesTests.release.xcconfig */,
			);
			path = Pods;
			sourceTree = "<group>";
		};
		4428DEDA7248C8C99FB5E26B /* Frameworks */ = {
			isa = PBXGroup;
			children = (
				E65F7CCC23CDC6B426FF19DE /* Pods_TopMovies.framework */,
				6B92E293C2636A55EC7343F0 /* Pods_TopMovies_TopMoviesUITests.framework */,
				27F480BC48DF6DA375CF0A4F /* Pods_TopMoviesTests.framework */,
			);
			name = Frameworks;
			sourceTree = "<group>";
		};
/* End PBXGroup section */

/* Begin PBXNativeTarget section */
		122DF7CB283933BA00CF421D /* TopMovies */ = {
			isa = PBXNativeTarget;
			buildConfigurationList = 122DF7F6283933BC00CF421D /* Build configuration list for PBXNativeTarget "TopMovies" */;
			buildPhases = (
				8E4D02A0EF5ECE23DE6C6F00 /* [CP] Check Pods Manifest.lock */,
				122DF7C8283933BA00CF421D /* Sources */,
				122DF7C9283933BA00CF421D /* Frameworks */,
				122DF7CA283933BA00CF421D /* Resources */,
				24E5ECDBB4B71768181B1DE3 /* [CP] Embed Pods Frameworks */,
			);
			buildRules = (
			);
			dependencies = (
			);
			name = TopMovies;
			productName = TopMovies;
			productReference = 122DF7CC283933BA00CF421D /* TopMovies.app */;
			productType = "com.apple.product-type.application";
		};
		122DF7E1283933BC00CF421D /* TopMoviesTests */ = {
			isa = PBXNativeTarget;
			buildConfigurationList = 122DF7F9283933BC00CF421D /* Build configuration list for PBXNativeTarget "TopMoviesTests" */;
			buildPhases = (
				C288146F6D8D0728E769D2B9 /* [CP] Check Pods Manifest.lock */,
				122DF7DE283933BC00CF421D /* Sources */,
				122DF7DF283933BC00CF421D /* Frameworks */,
				122DF7E0283933BC00CF421D /* Resources */,
			);
			buildRules = (
			);
			dependencies = (
				122DF7E4283933BC00CF421D /* PBXTargetDependency */,
			);
			name = TopMoviesTests;
			productName = TopMoviesTests;
			productReference = 122DF7E2283933BC00CF421D /* TopMoviesTests.xctest */;
			productType = "com.apple.product-type.bundle.unit-test";
		};
		122DF7EB283933BC00CF421D /* TopMoviesUITests */ = {
			isa = PBXNativeTarget;
			buildConfigurationList = 122DF7FC283933BC00CF421D /* Build configuration list for PBXNativeTarget "TopMoviesUITests" */;
			buildPhases = (
				A7A4AF4918F5EAA74C195DCE /* [CP] Check Pods Manifest.lock */,
				122DF7E8283933BC00CF421D /* Sources */,
				122DF7E9283933BC00CF421D /* Frameworks */,
				122DF7EA283933BC00CF421D /* Resources */,
				D8F59F0C6825C9C228F4BDC0 /* [CP] Embed Pods Frameworks */,
			);
			buildRules = (
			);
			dependencies = (
				122DF7EE283933BC00CF421D /* PBXTargetDependency */,
			);
			name = TopMoviesUITests;
			productName = TopMoviesUITests;
			productReference = 122DF7EC283933BC00CF421D /* TopMoviesUITests.xctest */;
			productType = "com.apple.product-type.bundle.ui-testing";
		};
/* End PBXNativeTarget section */

/* Begin PBXProject section */
		122DF7C4283933BA00CF421D /* Project object */ = {
			isa = PBXProject;
			attributes = {
				BuildIndependentTargetsInParallel = 1;
				LastSwiftUpdateCheck = 1330;
				LastUpgradeCheck = 1330;
				TargetAttributes = {
					122DF7CB283933BA00CF421D = {
						CreatedOnToolsVersion = 13.3;
					};
					122DF7E1283933BC00CF421D = {
						CreatedOnToolsVersion = 13.3;
						TestTargetID = 122DF7CB283933BA00CF421D;
					};
					122DF7EB283933BC00CF421D = {
						CreatedOnToolsVersion = 13.3;
						TestTargetID = 122DF7CB283933BA00CF421D;
					};
				};
			};
			buildConfigurationList = 122DF7C7283933BA00CF421D /* Build configuration list for PBXProject "TopMovies" */;
			compatibilityVersion = "Xcode 13.0";
			developmentRegion = en;
			hasScannedForEncodings = 0;
			knownRegions = (
				en,
				Base,
			);
			mainGroup = 122DF7C3283933BA00CF421D;
			productRefGroup = 122DF7CD283933BA00CF421D /* Products */;
			projectDirPath = "";
			projectRoot = "";
			targets = (
				122DF7CB283933BA00CF421D /* TopMovies */,
				122DF7E1283933BC00CF421D /* TopMoviesTests */,
				122DF7EB283933BC00CF421D /* TopMoviesUITests */,
			);
		};
/* End PBXProject section */

/* Begin PBXResourcesBuildPhase section */
		122DF7CA283933BA00CF421D /* Resources */ = {
			isa = PBXResourcesBuildPhase;
			buildActionMask = 2147483647;
			files = (
				12A7397F283ABF38007FB8B8 /* searchButton.json in Resources */,
				12A7397D283ABB3D007FB8B8 /* searchAnimatedImage.json in Resources */,
				122DF7DC283933BC00CF421D /* LaunchScreen.storyboard in Resources */,
				122DF7D9283933BC00CF421D /* Assets.xcassets in Resources */,
				122DF7D7283933BA00CF421D /* Main.storyboard in Resources */,
			);
			runOnlyForDeploymentPostprocessing = 0;
		};
		122DF7E0283933BC00CF421D /* Resources */ = {
			isa = PBXResourcesBuildPhase;
			buildActionMask = 2147483647;
			files = (
			);
			runOnlyForDeploymentPostprocessing = 0;
		};
		122DF7EA283933BC00CF421D /* Resources */ = {
			isa = PBXResourcesBuildPhase;
			buildActionMask = 2147483647;
			files = (
			);
			runOnlyForDeploymentPostprocessing = 0;
		};
/* End PBXResourcesBuildPhase section */

/* Begin PBXShellScriptBuildPhase section */
		24E5ECDBB4B71768181B1DE3 /* [CP] Embed Pods Frameworks */ = {
			isa = PBXShellScriptBuildPhase;
			buildActionMask = 2147483647;
			files = (
			);
			inputFileListPaths = (
				"${PODS_ROOT}/Target Support Files/Pods-TopMovies/Pods-TopMovies-frameworks-${CONFIGURATION}-input-files.xcfilelist",
			);
			name = "[CP] Embed Pods Frameworks";
			outputFileListPaths = (
				"${PODS_ROOT}/Target Support Files/Pods-TopMovies/Pods-TopMovies-frameworks-${CONFIGURATION}-output-files.xcfilelist",
			);
			runOnlyForDeploymentPostprocessing = 0;
			shellPath = /bin/sh;
			shellScript = "\"${PODS_ROOT}/Target Support Files/Pods-TopMovies/Pods-TopMovies-frameworks.sh\"\n";
			showEnvVarsInLog = 0;
		};
		8E4D02A0EF5ECE23DE6C6F00 /* [CP] Check Pods Manifest.lock */ = {
			isa = PBXShellScriptBuildPhase;
			buildActionMask = 2147483647;
			files = (
			);
			inputFileListPaths = (
			);
			inputPaths = (
				"${PODS_PODFILE_DIR_PATH}/Podfile.lock",
				"${PODS_ROOT}/Manifest.lock",
			);
			name = "[CP] Check Pods Manifest.lock";
			outputFileListPaths = (
			);
			outputPaths = (
				"$(DERIVED_FILE_DIR)/Pods-TopMovies-checkManifestLockResult.txt",
			);
			runOnlyForDeploymentPostprocessing = 0;
			shellPath = /bin/sh;
			shellScript = "diff \"${PODS_PODFILE_DIR_PATH}/Podfile.lock\" \"${PODS_ROOT}/Manifest.lock\" > /dev/null\nif [ $? != 0 ] ; then\n    # print error to STDERR\n    echo \"error: The sandbox is not in sync with the Podfile.lock. Run 'pod install' or update your CocoaPods installation.\" >&2\n    exit 1\nfi\n# This output is used by Xcode 'outputs' to avoid re-running this script phase.\necho \"SUCCESS\" > \"${SCRIPT_OUTPUT_FILE_0}\"\n";
			showEnvVarsInLog = 0;
		};
		A7A4AF4918F5EAA74C195DCE /* [CP] Check Pods Manifest.lock */ = {
			isa = PBXShellScriptBuildPhase;
			buildActionMask = 2147483647;
			files = (
			);
			inputFileListPaths = (
			);
			inputPaths = (
				"${PODS_PODFILE_DIR_PATH}/Podfile.lock",
				"${PODS_ROOT}/Manifest.lock",
			);
			name = "[CP] Check Pods Manifest.lock";
			outputFileListPaths = (
			);
			outputPaths = (
				"$(DERIVED_FILE_DIR)/Pods-TopMovies-TopMoviesUITests-checkManifestLockResult.txt",
			);
			runOnlyForDeploymentPostprocessing = 0;
			shellPath = /bin/sh;
			shellScript = "diff \"${PODS_PODFILE_DIR_PATH}/Podfile.lock\" \"${PODS_ROOT}/Manifest.lock\" > /dev/null\nif [ $? != 0 ] ; then\n    # print error to STDERR\n    echo \"error: The sandbox is not in sync with the Podfile.lock. Run 'pod install' or update your CocoaPods installation.\" >&2\n    exit 1\nfi\n# This output is used by Xcode 'outputs' to avoid re-running this script phase.\necho \"SUCCESS\" > \"${SCRIPT_OUTPUT_FILE_0}\"\n";
			showEnvVarsInLog = 0;
		};
		C288146F6D8D0728E769D2B9 /* [CP] Check Pods Manifest.lock */ = {
			isa = PBXShellScriptBuildPhase;
			buildActionMask = 2147483647;
			files = (
			);
			inputFileListPaths = (
			);
			inputPaths = (
				"${PODS_PODFILE_DIR_PATH}/Podfile.lock",
				"${PODS_ROOT}/Manifest.lock",
			);
			name = "[CP] Check Pods Manifest.lock";
			outputFileListPaths = (
			);
			outputPaths = (
				"$(DERIVED_FILE_DIR)/Pods-TopMoviesTests-checkManifestLockResult.txt",
			);
			runOnlyForDeploymentPostprocessing = 0;
			shellPath = /bin/sh;
			shellScript = "diff \"${PODS_PODFILE_DIR_PATH}/Podfile.lock\" \"${PODS_ROOT}/Manifest.lock\" > /dev/null\nif [ $? != 0 ] ; then\n    # print error to STDERR\n    echo \"error: The sandbox is not in sync with the Podfile.lock. Run 'pod install' or update your CocoaPods installation.\" >&2\n    exit 1\nfi\n# This output is used by Xcode 'outputs' to avoid re-running this script phase.\necho \"SUCCESS\" > \"${SCRIPT_OUTPUT_FILE_0}\"\n";
			showEnvVarsInLog = 0;
		};
		D8F59F0C6825C9C228F4BDC0 /* [CP] Embed Pods Frameworks */ = {
			isa = PBXShellScriptBuildPhase;
			buildActionMask = 2147483647;
			files = (
			);
			inputFileListPaths = (
				"${PODS_ROOT}/Target Support Files/Pods-TopMovies-TopMoviesUITests/Pods-TopMovies-TopMoviesUITests-frameworks-${CONFIGURATION}-input-files.xcfilelist",
			);
			name = "[CP] Embed Pods Frameworks";
			outputFileListPaths = (
				"${PODS_ROOT}/Target Support Files/Pods-TopMovies-TopMoviesUITests/Pods-TopMovies-TopMoviesUITests-frameworks-${CONFIGURATION}-output-files.xcfilelist",
			);
			runOnlyForDeploymentPostprocessing = 0;
			shellPath = /bin/sh;
			shellScript = "\"${PODS_ROOT}/Target Support Files/Pods-TopMovies-TopMoviesUITests/Pods-TopMovies-TopMoviesUITests-frameworks.sh\"\n";
			showEnvVarsInLog = 0;
		};
/* End PBXShellScriptBuildPhase section */

/* Begin PBXSourcesBuildPhase section */
		122DF7C8283933BA00CF421D /* Sources */ = {
			isa = PBXSourcesBuildPhase;
			buildActionMask = 2147483647;
			files = (
				122DF82F283A35D900CF421D /* BaseViewController.swift in Sources */,
				122DF831283A35EF00CF421D /* BasePresenter.swift in Sources */,
				122DF7D0283933BA00CF421D /* AppDelegate.swift in Sources */,
				122DF81F283A16CF00CF421D /* ApiDataStore+Movies.swift in Sources */,
				122DF81B283A10DA00CF421D /* ApiResponse.swift in Sources */,
				122DF838283A4D6F00CF421D /* MovieListResults.swift in Sources */,
				122DF827283A335200CF421D /* MovieListPresenter.swift in Sources */,
				122DF836283A36AA00CF421D /* BaseRouter.swift in Sources */,
				122DF80E2839560900CF421D /* Constants.swift in Sources */,
				122DF823283A319600CF421D /* MovieListRouter.swift in Sources */,
				122DF829283A33D100CF421D /* MovieListInteractor.swift in Sources */,
				122DF8192839604500CF421D /* Movie.swift in Sources */,
				122DF833283A35FB00CF421D /* BaseInteractor.swift in Sources */,
				122DF825283A32FB00CF421D /* MovieListViewController.swift in Sources */,
				12550649283C26A700B2057D /* Extensions.swift in Sources */,
				1255064B283C3CD400B2057D /* Tools.swift in Sources */,
				12817D0B283D558B00CE2210 /* MovieListCollectionCell.swift in Sources */,
				122DF81D283A163500CF421D /* ApiDataStore.swift in Sources */,
				122DF821283A170600CF421D /* DataQuery.swift in Sources */,
			);
			runOnlyForDeploymentPostprocessing = 0;
		};
		122DF7DE283933BC00CF421D /* Sources */ = {
			isa = PBXSourcesBuildPhase;
			buildActionMask = 2147483647;
			files = (
				122DF7E7283933BC00CF421D /* TopMoviesTests.swift in Sources */,
			);
			runOnlyForDeploymentPostprocessing = 0;
		};
		122DF7E8283933BC00CF421D /* Sources */ = {
			isa = PBXSourcesBuildPhase;
			buildActionMask = 2147483647;
			files = (
				122DF7F1283933BC00CF421D /* TopMoviesUITests.swift in Sources */,
				122DF7F3283933BC00CF421D /* TopMoviesUITestsLaunchTests.swift in Sources */,
			);
			runOnlyForDeploymentPostprocessing = 0;
		};
/* End PBXSourcesBuildPhase section */

/* Begin PBXTargetDependency section */
		122DF7E4283933BC00CF421D /* PBXTargetDependency */ = {
			isa = PBXTargetDependency;
			target = 122DF7CB283933BA00CF421D /* TopMovies */;
			targetProxy = 122DF7E3283933BC00CF421D /* PBXContainerItemProxy */;
		};
		122DF7EE283933BC00CF421D /* PBXTargetDependency */ = {
			isa = PBXTargetDependency;
			target = 122DF7CB283933BA00CF421D /* TopMovies */;
			targetProxy = 122DF7ED283933BC00CF421D /* PBXContainerItemProxy */;
		};
/* End PBXTargetDependency section */

/* Begin PBXVariantGroup section */
		122DF7D5283933BA00CF421D /* Main.storyboard */ = {
			isa = PBXVariantGroup;
			children = (
				122DF7D6283933BA00CF421D /* Base */,
			);
			name = Main.storyboard;
			sourceTree = "<group>";
		};
		122DF7DA283933BC00CF421D /* LaunchScreen.storyboard */ = {
			isa = PBXVariantGroup;
			children = (
				122DF7DB283933BC00CF421D /* Base */,
			);
			name = LaunchScreen.storyboard;
			sourceTree = "<group>";
		};
/* End PBXVariantGroup section */

/* Begin XCBuildConfiguration section */
		122DF7F4283933BC00CF421D /* Debug */ = {
			isa = XCBuildConfiguration;
			buildSettings = {
				ALWAYS_SEARCH_USER_PATHS = NO;
				CLANG_ANALYZER_NONNULL = YES;
				CLANG_ANALYZER_NUMBER_OBJECT_CONVERSION = YES_AGGRESSIVE;
				CLANG_CXX_LANGUAGE_STANDARD = "gnu++17";
				CLANG_ENABLE_MODULES = YES;
				CLANG_ENABLE_OBJC_ARC = YES;
				CLANG_ENABLE_OBJC_WEAK = YES;
				CLANG_WARN_BLOCK_CAPTURE_AUTORELEASING = YES;
				CLANG_WARN_BOOL_CONVERSION = YES;
				CLANG_WARN_COMMA = YES;
				CLANG_WARN_CONSTANT_CONVERSION = YES;
				CLANG_WARN_DEPRECATED_OBJC_IMPLEMENTATIONS = YES;
				CLANG_WARN_DIRECT_OBJC_ISA_USAGE = YES_ERROR;
				CLANG_WARN_DOCUMENTATION_COMMENTS = YES;
				CLANG_WARN_EMPTY_BODY = YES;
				CLANG_WARN_ENUM_CONVERSION = YES;
				CLANG_WARN_INFINITE_RECURSION = YES;
				CLANG_WARN_INT_CONVERSION = YES;
				CLANG_WARN_NON_LITERAL_NULL_CONVERSION = YES;
				CLANG_WARN_OBJC_IMPLICIT_RETAIN_SELF = YES;
				CLANG_WARN_OBJC_LITERAL_CONVERSION = YES;
				CLANG_WARN_OBJC_ROOT_CLASS = YES_ERROR;
				CLANG_WARN_QUOTED_INCLUDE_IN_FRAMEWORK_HEADER = YES;
				CLANG_WARN_RANGE_LOOP_ANALYSIS = YES;
				CLANG_WARN_STRICT_PROTOTYPES = YES;
				CLANG_WARN_SUSPICIOUS_MOVE = YES;
				CLANG_WARN_UNGUARDED_AVAILABILITY = YES_AGGRESSIVE;
				CLANG_WARN_UNREACHABLE_CODE = YES;
				CLANG_WARN__DUPLICATE_METHOD_MATCH = YES;
				COPY_PHASE_STRIP = NO;
				DEBUG_INFORMATION_FORMAT = dwarf;
				ENABLE_STRICT_OBJC_MSGSEND = YES;
				ENABLE_TESTABILITY = YES;
				GCC_C_LANGUAGE_STANDARD = gnu11;
				GCC_DYNAMIC_NO_PIC = NO;
				GCC_NO_COMMON_BLOCKS = YES;
				GCC_OPTIMIZATION_LEVEL = 0;
				GCC_PREPROCESSOR_DEFINITIONS = (
					"DEBUG=1",
					"$(inherited)",
				);
				GCC_WARN_64_TO_32_BIT_CONVERSION = YES;
				GCC_WARN_ABOUT_RETURN_TYPE = YES_ERROR;
				GCC_WARN_UNDECLARED_SELECTOR = YES;
				GCC_WARN_UNINITIALIZED_AUTOS = YES_AGGRESSIVE;
				GCC_WARN_UNUSED_FUNCTION = YES;
				GCC_WARN_UNUSED_VARIABLE = YES;
				IPHONEOS_DEPLOYMENT_TARGET = 15.4;
				MTL_ENABLE_DEBUG_INFO = INCLUDE_SOURCE;
				MTL_FAST_MATH = YES;
				ONLY_ACTIVE_ARCH = YES;
				SDKROOT = iphoneos;
				SWIFT_ACTIVE_COMPILATION_CONDITIONS = DEBUG;
				SWIFT_OPTIMIZATION_LEVEL = "-Onone";
			};
			name = Debug;
		};
		122DF7F5283933BC00CF421D /* Release */ = {
			isa = XCBuildConfiguration;
			buildSettings = {
				ALWAYS_SEARCH_USER_PATHS = NO;
				CLANG_ANALYZER_NONNULL = YES;
				CLANG_ANALYZER_NUMBER_OBJECT_CONVERSION = YES_AGGRESSIVE;
				CLANG_CXX_LANGUAGE_STANDARD = "gnu++17";
				CLANG_ENABLE_MODULES = YES;
				CLANG_ENABLE_OBJC_ARC = YES;
				CLANG_ENABLE_OBJC_WEAK = YES;
				CLANG_WARN_BLOCK_CAPTURE_AUTORELEASING = YES;
				CLANG_WARN_BOOL_CONVERSION = YES;
				CLANG_WARN_COMMA = YES;
				CLANG_WARN_CONSTANT_CONVERSION = YES;
				CLANG_WARN_DEPRECATED_OBJC_IMPLEMENTATIONS = YES;
				CLANG_WARN_DIRECT_OBJC_ISA_USAGE = YES_ERROR;
				CLANG_WARN_DOCUMENTATION_COMMENTS = YES;
				CLANG_WARN_EMPTY_BODY = YES;
				CLANG_WARN_ENUM_CONVERSION = YES;
				CLANG_WARN_INFINITE_RECURSION = YES;
				CLANG_WARN_INT_CONVERSION = YES;
				CLANG_WARN_NON_LITERAL_NULL_CONVERSION = YES;
				CLANG_WARN_OBJC_IMPLICIT_RETAIN_SELF = YES;
				CLANG_WARN_OBJC_LITERAL_CONVERSION = YES;
				CLANG_WARN_OBJC_ROOT_CLASS = YES_ERROR;
				CLANG_WARN_QUOTED_INCLUDE_IN_FRAMEWORK_HEADER = YES;
				CLANG_WARN_RANGE_LOOP_ANALYSIS = YES;
				CLANG_WARN_STRICT_PROTOTYPES = YES;
				CLANG_WARN_SUSPICIOUS_MOVE = YES;
				CLANG_WARN_UNGUARDED_AVAILABILITY = YES_AGGRESSIVE;
				CLANG_WARN_UNREACHABLE_CODE = YES;
				CLANG_WARN__DUPLICATE_METHOD_MATCH = YES;
				COPY_PHASE_STRIP = NO;
				DEBUG_INFORMATION_FORMAT = "dwarf-with-dsym";
				ENABLE_NS_ASSERTIONS = NO;
				ENABLE_STRICT_OBJC_MSGSEND = YES;
				GCC_C_LANGUAGE_STANDARD = gnu11;
				GCC_NO_COMMON_BLOCKS = YES;
				GCC_WARN_64_TO_32_BIT_CONVERSION = YES;
				GCC_WARN_ABOUT_RETURN_TYPE = YES_ERROR;
				GCC_WARN_UNDECLARED_SELECTOR = YES;
				GCC_WARN_UNINITIALIZED_AUTOS = YES_AGGRESSIVE;
				GCC_WARN_UNUSED_FUNCTION = YES;
				GCC_WARN_UNUSED_VARIABLE = YES;
				IPHONEOS_DEPLOYMENT_TARGET = 15.4;
				MTL_ENABLE_DEBUG_INFO = NO;
				MTL_FAST_MATH = YES;
				SDKROOT = iphoneos;
				SWIFT_COMPILATION_MODE = wholemodule;
				SWIFT_OPTIMIZATION_LEVEL = "-O";
				VALIDATE_PRODUCT = YES;
			};
			name = Release;
		};
		122DF7F7283933BC00CF421D /* Debug */ = {
			isa = XCBuildConfiguration;
			baseConfigurationReference = 80EA7E5A26C34EC000EDEA33 /* Pods-TopMovies.debug.xcconfig */;
			buildSettings = {
				ASSETCATALOG_COMPILER_APPICON_NAME = AppIcon;
				ASSETCATALOG_COMPILER_GLOBAL_ACCENT_COLOR_NAME = AccentColor;
				CODE_SIGN_STYLE = Automatic;
				CURRENT_PROJECT_VERSION = 1;
				GENERATE_INFOPLIST_FILE = YES;
				INFOPLIST_FILE = TopMovies/Info.plist;
				INFOPLIST_KEY_UIApplicationSupportsIndirectInputEvents = YES;
				INFOPLIST_KEY_UILaunchStoryboardName = LaunchScreen;
				INFOPLIST_KEY_UIMainStoryboardFile = Main;
				INFOPLIST_KEY_UISupportedInterfaceOrientations_iPad = "UIInterfaceOrientationPortrait UIInterfaceOrientationPortraitUpsideDown UIInterfaceOrientationLandscapeLeft UIInterfaceOrientationLandscapeRight";
				INFOPLIST_KEY_UISupportedInterfaceOrientations_iPhone = "UIInterfaceOrientationPortrait UIInterfaceOrientationLandscapeLeft UIInterfaceOrientationLandscapeRight";
				LD_RUNPATH_SEARCH_PATHS = (
					"$(inherited)",
					"@executable_path/Frameworks",
				);
				MARKETING_VERSION = 1.0;
				PRODUCT_BUNDLE_IDENTIFIER = com.ogamiz.TopMovies;
				PRODUCT_NAME = "$(TARGET_NAME)";
				SWIFT_EMIT_LOC_STRINGS = YES;
				SWIFT_VERSION = 5.0;
				TARGETED_DEVICE_FAMILY = "1,2";
			};
			name = Debug;
		};
		122DF7F8283933BC00CF421D /* Release */ = {
			isa = XCBuildConfiguration;
			baseConfigurationReference = EDE79CEF155C82DF2E9060EE /* Pods-TopMovies.release.xcconfig */;
			buildSettings = {
				ASSETCATALOG_COMPILER_APPICON_NAME = AppIcon;
				ASSETCATALOG_COMPILER_GLOBAL_ACCENT_COLOR_NAME = AccentColor;
				CODE_SIGN_STYLE = Automatic;
				CURRENT_PROJECT_VERSION = 1;
				GENERATE_INFOPLIST_FILE = YES;
				INFOPLIST_FILE = TopMovies/Info.plist;
				INFOPLIST_KEY_UIApplicationSupportsIndirectInputEvents = YES;
				INFOPLIST_KEY_UILaunchStoryboardName = LaunchScreen;
				INFOPLIST_KEY_UIMainStoryboardFile = Main;
				INFOPLIST_KEY_UISupportedInterfaceOrientations_iPad = "UIInterfaceOrientationPortrait UIInterfaceOrientationPortraitUpsideDown UIInterfaceOrientationLandscapeLeft UIInterfaceOrientationLandscapeRight";
				INFOPLIST_KEY_UISupportedInterfaceOrientations_iPhone = "UIInterfaceOrientationPortrait UIInterfaceOrientationLandscapeLeft UIInterfaceOrientationLandscapeRight";
				LD_RUNPATH_SEARCH_PATHS = (
					"$(inherited)",
					"@executable_path/Frameworks",
				);
				MARKETING_VERSION = 1.0;
				PRODUCT_BUNDLE_IDENTIFIER = com.ogamiz.TopMovies;
				PRODUCT_NAME = "$(TARGET_NAME)";
				SWIFT_EMIT_LOC_STRINGS = YES;
				SWIFT_VERSION = 5.0;
				TARGETED_DEVICE_FAMILY = "1,2";
			};
			name = Release;
		};
		122DF7FA283933BC00CF421D /* Debug */ = {
			isa = XCBuildConfiguration;
			baseConfigurationReference = 66808A83D307BDE33E856B73 /* Pods-TopMoviesTests.debug.xcconfig */;
			buildSettings = {
				ALWAYS_EMBED_SWIFT_STANDARD_LIBRARIES = YES;
				BUNDLE_LOADER = "$(TEST_HOST)";
				CODE_SIGN_STYLE = Automatic;
				CURRENT_PROJECT_VERSION = 1;
				GENERATE_INFOPLIST_FILE = YES;
				IPHONEOS_DEPLOYMENT_TARGET = 15.4;
				MARKETING_VERSION = 1.0;
				PRODUCT_BUNDLE_IDENTIFIER = com.ogamiz.TopMoviesTests;
				PRODUCT_NAME = "$(TARGET_NAME)";
				SWIFT_EMIT_LOC_STRINGS = NO;
				SWIFT_VERSION = 5.0;
				TARGETED_DEVICE_FAMILY = "1,2";
				TEST_HOST = "$(BUILT_PRODUCTS_DIR)/TopMovies.app/TopMovies";
			};
			name = Debug;
		};
		122DF7FB283933BC00CF421D /* Release */ = {
			isa = XCBuildConfiguration;
			baseConfigurationReference = 441A48C3CFDBB43E622517F7 /* Pods-TopMoviesTests.release.xcconfig */;
			buildSettings = {
				ALWAYS_EMBED_SWIFT_STANDARD_LIBRARIES = YES;
				BUNDLE_LOADER = "$(TEST_HOST)";
				CODE_SIGN_STYLE = Automatic;
				CURRENT_PROJECT_VERSION = 1;
				GENERATE_INFOPLIST_FILE = YES;
				IPHONEOS_DEPLOYMENT_TARGET = 15.4;
				MARKETING_VERSION = 1.0;
				PRODUCT_BUNDLE_IDENTIFIER = com.ogamiz.TopMoviesTests;
				PRODUCT_NAME = "$(TARGET_NAME)";
				SWIFT_EMIT_LOC_STRINGS = NO;
				SWIFT_VERSION = 5.0;
				TARGETED_DEVICE_FAMILY = "1,2";
				TEST_HOST = "$(BUILT_PRODUCTS_DIR)/TopMovies.app/TopMovies";
			};
			name = Release;
		};
		122DF7FD283933BC00CF421D /* Debug */ = {
			isa = XCBuildConfiguration;
			baseConfigurationReference = A75489E75C1FB7773AD79DC3 /* Pods-TopMovies-TopMoviesUITests.debug.xcconfig */;
			buildSettings = {
				ALWAYS_EMBED_SWIFT_STANDARD_LIBRARIES = YES;
				CODE_SIGN_STYLE = Automatic;
				CURRENT_PROJECT_VERSION = 1;
				GENERATE_INFOPLIST_FILE = YES;
				MARKETING_VERSION = 1.0;
				PRODUCT_BUNDLE_IDENTIFIER = com.ogamiz.TopMoviesUITests;
				PRODUCT_NAME = "$(TARGET_NAME)";
				SWIFT_EMIT_LOC_STRINGS = NO;
				SWIFT_VERSION = 5.0;
				TARGETED_DEVICE_FAMILY = "1,2";
				TEST_TARGET_NAME = TopMovies;
			};
			name = Debug;
		};
		122DF7FE283933BC00CF421D /* Release */ = {
			isa = XCBuildConfiguration;
			baseConfigurationReference = 9BCD834EC2E6B75AD023A1A9 /* Pods-TopMovies-TopMoviesUITests.release.xcconfig */;
			buildSettings = {
				ALWAYS_EMBED_SWIFT_STANDARD_LIBRARIES = YES;
				CODE_SIGN_STYLE = Automatic;
				CURRENT_PROJECT_VERSION = 1;
				GENERATE_INFOPLIST_FILE = YES;
				MARKETING_VERSION = 1.0;
				PRODUCT_BUNDLE_IDENTIFIER = com.ogamiz.TopMoviesUITests;
				PRODUCT_NAME = "$(TARGET_NAME)";
				SWIFT_EMIT_LOC_STRINGS = NO;
				SWIFT_VERSION = 5.0;
				TARGETED_DEVICE_FAMILY = "1,2";
				TEST_TARGET_NAME = TopMovies;
			};
			name = Release;
		};
/* End XCBuildConfiguration section */

/* Begin XCConfigurationList section */
		122DF7C7283933BA00CF421D /* Build configuration list for PBXProject "TopMovies" */ = {
			isa = XCConfigurationList;
			buildConfigurations = (
				122DF7F4283933BC00CF421D /* Debug */,
				122DF7F5283933BC00CF421D /* Release */,
			);
			defaultConfigurationIsVisible = 0;
			defaultConfigurationName = Release;
		};
		122DF7F6283933BC00CF421D /* Build configuration list for PBXNativeTarget "TopMovies" */ = {
			isa = XCConfigurationList;
			buildConfigurations = (
				122DF7F7283933BC00CF421D /* Debug */,
				122DF7F8283933BC00CF421D /* Release */,
			);
			defaultConfigurationIsVisible = 0;
			defaultConfigurationName = Release;
		};
		122DF7F9283933BC00CF421D /* Build configuration list for PBXNativeTarget "TopMoviesTests" */ = {
			isa = XCConfigurationList;
			buildConfigurations = (
				122DF7FA283933BC00CF421D /* Debug */,
				122DF7FB283933BC00CF421D /* Release */,
			);
			defaultConfigurationIsVisible = 0;
			defaultConfigurationName = Release;
		};
		122DF7FC283933BC00CF421D /* Build configuration list for PBXNativeTarget "TopMoviesUITests" */ = {
			isa = XCConfigurationList;
			buildConfigurations = (
				122DF7FD283933BC00CF421D /* Debug */,
				122DF7FE283933BC00CF421D /* Release */,
			);
			defaultConfigurationIsVisible = 0;
			defaultConfigurationName = Release;
		};
/* End XCConfigurationList section */
	};
	rootObject = 122DF7C4283933BA00CF421D /* Project object */;
}
